
Microsoft Visual Studio Solution File, Format Version 12.00
# Visual Studio Version 16
VisualStudioVersion = 16.0.29215.179
MinimumVisualStudioVersion = 10.0.40219.1
Project("{FAE04EC0-301F-11D3-BF4B-00C04F79EFBC}") = "GoofBugsConsoleUI", "GoofBugsConsoleUI\GoofBugsConsoleUI.csproj", "{2F4670CC-F0AC-42A0-B942-BD1626EAEA28}"
EndProject
Global
	GlobalSection(SolutionConfigurationPlatforms) = preSolution
		Debug|Any CPU = Debug|Any CPU
		Release|Any CPU = Release|Any CPU
	EndGlobalSection
	GlobalSection(ProjectConfigurationPlatforms) = postSolution
		{2F4670CC-F0AC-42A0-B942-BD1626EAEA28}.Debug|Any CPU.ActiveCfg = Debug|Any CPU
		{2F4670CC-F0AC-42A0-B942-BD1626EAEA28}.Debug|Any CPU.Build.0 = Debug|Any CPU
		{2F4670CC-F0AC-42A0-B942-BD1626EAEA28}.Release|Any CPU.ActiveCfg = Release|Any CPU
		{2F4670CC-F0AC-42A0-B942-BD1626EAEA28}.Release|Any CPU.Build.0 = Release|Any CPU
	EndGlobalSection
	GlobalSection(SolutionProperties) = preSolution
		HideSolutionNode = FALSE
	EndGlobalSection
	GlobalSection(ExtensibilityGlobals) = postSolution
		SolutionGuid = {CC3A2C07-7458-4843-B399-1452E079C147}
	EndGlobalSection
EndGlobal
